
Microsoft Visual Studio Solution File, Format Version 12.00
# Visual Studio Version 17
VisualStudioVersion = 17.2.32616.157
MinimumVisualStudioVersion = 10.0.40219.1
Project("{9A19103F-16F7-4668-BE54-9A1E7A4F7556}") = "StrategyDesignPattern", "StrategyDesignPattern\StrategyDesignPattern.csproj", "{03E07C81-1085-4F9E-BF6F-6FD794ECDF95}"
EndProject
Project("{2150E333-8FDC-42A3-9474-1A3956D46DE8}") = "Solution Items", "Solution Items", "{1BF1F3AE-F3FB-4618-9DE2-24E004EF557D}"
	ProjectSection(SolutionItems) = preProject
		.editorconfig = .editorconfig
	EndProjectSection
EndProject
Project("{9A19103F-16F7-4668-BE54-9A1E7A4F7556}") = "ObserverDesignPattern", "ObserverDesignPattern\ObserverDesignPattern.csproj", "{E6A39DA4-D603-40AF-8A19-FF80106B4C98}"
EndProject
Project("{9A19103F-16F7-4668-BE54-9A1E7A4F7556}") = "SingletonDesignPattern", "SingletonDesignPattern\SingletonDesignPattern.csproj", "{CA8081D4-EBE0-42DD-9E30-58FC1F95AF2A}"
EndProject
Project("{9A19103F-16F7-4668-BE54-9A1E7A4F7556}") = "DecoratorDesignPattern", "DecoratorDesignPattern\DecoratorDesignPattern.csproj", "{A8F06E26-7829-4095-9256-0E99D1ACDDF3}"
EndProject
Project("{9A19103F-16F7-4668-BE54-9A1E7A4F7556}") = "ProxyDesignPattern", "ProxyDesignPattern\ProxyDesignPattern.csproj", "{E5D87A56-95B1-4165-AE0F-FCF51D349EBB}"
EndProject
Project("{FAE04EC0-301F-11D3-BF4B-00C04F79EFBC}") = "FactoryDesignPattern", "FactoryDesignPattern\FactoryDesignPattern.csproj", "{6ABD829D-3744-40CA-A6A7-C4B155E9D70A}"
EndProject
Global
	GlobalSection(SolutionConfigurationPlatforms) = preSolution
		Debug|Any CPU = Debug|Any CPU
		Release|Any CPU = Release|Any CPU
	EndGlobalSection
	GlobalSection(ProjectConfigurationPlatforms) = postSolution
		{03E07C81-1085-4F9E-BF6F-6FD794ECDF95}.Debug|Any CPU.ActiveCfg = Debug|Any CPU
		{03E07C81-1085-4F9E-BF6F-6FD794ECDF95}.Debug|Any CPU.Build.0 = Debug|Any CPU
		{03E07C81-1085-4F9E-BF6F-6FD794ECDF95}.Release|Any CPU.ActiveCfg = Release|Any CPU
		{03E07C81-1085-4F9E-BF6F-6FD794ECDF95}.Release|Any CPU.Build.0 = Release|Any CPU
		{E6A39DA4-D603-40AF-8A19-FF80106B4C98}.Debug|Any CPU.ActiveCfg = Debug|Any CPU
		{E6A39DA4-D603-40AF-8A19-FF80106B4C98}.Debug|Any CPU.Build.0 = Debug|Any CPU
		{E6A39DA4-D603-40AF-8A19-FF80106B4C98}.Release|Any CPU.ActiveCfg = Release|Any CPU
		{E6A39DA4-D603-40AF-8A19-FF80106B4C98}.Release|Any CPU.Build.0 = Release|Any CPU
		{CA8081D4-EBE0-42DD-9E30-58FC1F95AF2A}.Debug|Any CPU.ActiveCfg = Debug|Any CPU
		{CA8081D4-EBE0-42DD-9E30-58FC1F95AF2A}.Debug|Any CPU.Build.0 = Debug|Any CPU
		{CA8081D4-EBE0-42DD-9E30-58FC1F95AF2A}.Release|Any CPU.ActiveCfg = Release|Any CPU
		{CA8081D4-EBE0-42DD-9E30-58FC1F95AF2A}.Release|Any CPU.Build.0 = Release|Any CPU
		{A8F06E26-7829-4095-9256-0E99D1ACDDF3}.Debug|Any CPU.ActiveCfg = Debug|Any CPU
		{A8F06E26-7829-4095-9256-0E99D1ACDDF3}.Debug|Any CPU.Build.0 = Debug|Any CPU
		{A8F06E26-7829-4095-9256-0E99D1ACDDF3}.Release|Any CPU.ActiveCfg = Release|Any CPU
		{A8F06E26-7829-4095-9256-0E99D1ACDDF3}.Release|Any CPU.Build.0 = Release|Any CPU
		{E5D87A56-95B1-4165-AE0F-FCF51D349EBB}.Debug|Any CPU.ActiveCfg = Debug|Any CPU
		{E5D87A56-95B1-4165-AE0F-FCF51D349EBB}.Debug|Any CPU.Build.0 = Debug|Any CPU
		{E5D87A56-95B1-4165-AE0F-FCF51D349EBB}.Release|Any CPU.ActiveCfg = Release|Any CPU
		{E5D87A56-95B1-4165-AE0F-FCF51D349EBB}.Release|Any CPU.Build.0 = Release|Any CPU
		{6ABD829D-3744-40CA-A6A7-C4B155E9D70A}.Debug|Any CPU.ActiveCfg = Debug|Any CPU
		{6ABD829D-3744-40CA-A6A7-C4B155E9D70A}.Debug|Any CPU.Build.0 = Debug|Any CPU
		{6ABD829D-3744-40CA-A6A7-C4B155E9D70A}.Release|Any CPU.ActiveCfg = Release|Any CPU
		{6ABD829D-3744-40CA-A6A7-C4B155E9D70A}.Release|Any CPU.Build.0 = Release|Any CPU
	EndGlobalSection
	GlobalSection(SolutionProperties) = preSolution
		HideSolutionNode = FALSE
	EndGlobalSection
	GlobalSection(ExtensibilityGlobals) = postSolution
		SolutionGuid = {49F3C9F9-5B18-499D-B876-D83400246BEB}
	EndGlobalSection
EndGlobal
